
Microsoft Visual Studio Solution File, Format Version 12.00
# Visual Studio Version 16
VisualStudioVersion = 16.0.29709.97
MinimumVisualStudioVersion = 10.0.40219.1
Project("{FAE04EC0-301F-11D3-BF4B-00C04F79EFBC}") = "ReadPerson", "ReadPerson\ReadPerson.csproj", "{7A62F49F-ACF6-4136-B824-076D7519549C}"
EndProject
Global
	GlobalSection(SolutionConfigurationPlatforms) = preSolution
		Debug|Any CPU = Debug|Any CPU
		Release|Any CPU = Release|Any CPU
	EndGlobalSection
	GlobalSection(ProjectConfigurationPlatforms) = postSolution
		{7A62F49F-ACF6-4136-B824-076D7519549C}.Debug|Any CPU.ActiveCfg = Debug|Any CPU
		{7A62F49F-ACF6-4136-B824-076D7519549C}.Debug|Any CPU.Build.0 = Debug|Any CPU
		{7A62F49F-ACF6-4136-B824-076D7519549C}.Release|Any CPU.ActiveCfg = Release|Any CPU
		{7A62F49F-ACF6-4136-B824-076D7519549C}.Release|Any CPU.Build.0 = Release|Any CPU
	EndGlobalSection
	GlobalSection(SolutionProperties) = preSolution
		HideSolutionNode = FALSE
	EndGlobalSection
	GlobalSection(ExtensibilityGlobals) = postSolution
		SolutionGuid = {3F9211D7-52C2-41A9-8A50-4F15640A156C}
	EndGlobalSection
EndGlobal
